
Microsoft Visual Studio Solution File, Format Version 12.00
# Visual Studio Version 16
VisualStudioVersion = 16.0.29009.5
MinimumVisualStudioVersion = 10.0.40219.1
Project("{FAE04EC0-301F-11D3-BF4B-00C04F79EFBC}") = "ShoppingPlannerService.WebApi", "ShoppingPlannerService.WebApi\ShoppingPlannerService.WebApi.csproj", "{B3FDC7D8-ADAF-422B-BBD7-163A1C42FB41}"
EndProject
Project("{FAE04EC0-301F-11D3-BF4B-00C04F79EFBC}") = "ShoppingPlannerService.Dal", "ShoppingPlannerService.Dal\ShoppingPlannerService.Dal.csproj", "{B44E0A3F-437A-430B-85F4-4A2FD5733599}"
EndProject
Project("{FAE04EC0-301F-11D3-BF4B-00C04F79EFBC}") = "ShoppingPlannerService.Bll", "ShoppingPlannerService.Bll\ShoppingPlannerService.Bll.csproj", "{073F4A8E-0E28-4707-803E-6ABB7884BDCA}"
EndProject
Project("{FAE04EC0-301F-11D3-BF4B-00C04F79EFBC}") = "ShoppingPlannerService.DI", "ShoppingPlannerService.DI\ShoppingPlannerService.DI.csproj", "{A3232745-7B6B-4880-8DEC-4DC194253ECC}"
EndProject
Project("{9A19103F-16F7-4668-BE54-9A1E7A4F7556}") = "Common", "..\Common\Common.csproj", "{9E260396-71CA-46E4-833F-36F63B81D464}"
EndProject
Global
	GlobalSection(SolutionConfigurationPlatforms) = preSolution
		Debug|Any CPU = Debug|Any CPU
		Release|Any CPU = Release|Any CPU
	EndGlobalSection
	GlobalSection(ProjectConfigurationPlatforms) = postSolution
		{B3FDC7D8-ADAF-422B-BBD7-163A1C42FB41}.Debug|Any CPU.ActiveCfg = Debug|Any CPU
		{B3FDC7D8-ADAF-422B-BBD7-163A1C42FB41}.Debug|Any CPU.Build.0 = Debug|Any CPU
		{B3FDC7D8-ADAF-422B-BBD7-163A1C42FB41}.Release|Any CPU.ActiveCfg = Release|Any CPU
		{B3FDC7D8-ADAF-422B-BBD7-163A1C42FB41}.Release|Any CPU.Build.0 = Release|Any CPU
		{B44E0A3F-437A-430B-85F4-4A2FD5733599}.Debug|Any CPU.ActiveCfg = Debug|Any CPU
		{B44E0A3F-437A-430B-85F4-4A2FD5733599}.Debug|Any CPU.Build.0 = Debug|Any CPU
		{B44E0A3F-437A-430B-85F4-4A2FD5733599}.Release|Any CPU.ActiveCfg = Release|Any CPU
		{B44E0A3F-437A-430B-85F4-4A2FD5733599}.Release|Any CPU.Build.0 = Release|Any CPU
		{073F4A8E-0E28-4707-803E-6ABB7884BDCA}.Debug|Any CPU.ActiveCfg = Debug|Any CPU
		{073F4A8E-0E28-4707-803E-6ABB7884BDCA}.Debug|Any CPU.Build.0 = Debug|Any CPU
		{073F4A8E-0E28-4707-803E-6ABB7884BDCA}.Release|Any CPU.ActiveCfg = Release|Any CPU
		{073F4A8E-0E28-4707-803E-6ABB7884BDCA}.Release|Any CPU.Build.0 = Release|Any CPU
		{A3232745-7B6B-4880-8DEC-4DC194253ECC}.Debug|Any CPU.ActiveCfg = Debug|Any CPU
		{A3232745-7B6B-4880-8DEC-4DC194253ECC}.Debug|Any CPU.Build.0 = Debug|Any CPU
		{A3232745-7B6B-4880-8DEC-4DC194253ECC}.Release|Any CPU.ActiveCfg = Release|Any CPU
		{A3232745-7B6B-4880-8DEC-4DC194253ECC}.Release|Any CPU.Build.0 = Release|Any CPU
		{9E260396-71CA-46E4-833F-36F63B81D464}.Debug|Any CPU.ActiveCfg = Debug|Any CPU
		{9E260396-71CA-46E4-833F-36F63B81D464}.Debug|Any CPU.Build.0 = Debug|Any CPU
		{9E260396-71CA-46E4-833F-36F63B81D464}.Release|Any CPU.ActiveCfg = Release|Any CPU
		{9E260396-71CA-46E4-833F-36F63B81D464}.Release|Any CPU.Build.0 = Release|Any CPU
	EndGlobalSection
	GlobalSection(SolutionProperties) = preSolution
		HideSolutionNode = FALSE
	EndGlobalSection
	GlobalSection(ExtensibilityGlobals) = postSolution
		SolutionGuid = {62D9C6B6-F22A-4F11-8AB1-9D7AA50D6F3D}
	EndGlobalSection
EndGlobal
