
Microsoft Visual Studio Solution File, Format Version 12.00
# Visual Studio Version 16
VisualStudioVersion = 16.0.28922.388
MinimumVisualStudioVersion = 10.0.40219.1
Project("{FAE04EC0-301F-11D3-BF4B-00C04F79EFBC}") = "CalenderService", "CalenderService.csproj", "{3FD20458-81B8-4202-81C4-5EE36AA24905}"
EndProject
Global
	GlobalSection(SolutionConfigurationPlatforms) = preSolution
		Debug|Any CPU = Debug|Any CPU
		Release|Any CPU = Release|Any CPU
	EndGlobalSection
	GlobalSection(ProjectConfigurationPlatforms) = postSolution
		{3FD20458-81B8-4202-81C4-5EE36AA24905}.Debug|Any CPU.ActiveCfg = Debug|Any CPU
		{3FD20458-81B8-4202-81C4-5EE36AA24905}.Debug|Any CPU.Build.0 = Debug|Any CPU
		{3FD20458-81B8-4202-81C4-5EE36AA24905}.Release|Any CPU.ActiveCfg = Release|Any CPU
		{3FD20458-81B8-4202-81C4-5EE36AA24905}.Release|Any CPU.Build.0 = Release|Any CPU
	EndGlobalSection
	GlobalSection(SolutionProperties) = preSolution
		HideSolutionNode = FALSE
	EndGlobalSection
	GlobalSection(ExtensibilityGlobals) = postSolution
		SolutionGuid = {CEF0E959-6978-4446-A9EE-EF07F1B8E5D8}
	EndGlobalSection
EndGlobal
