
Microsoft Visual Studio Solution File, Format Version 12.00
# Visual Studio Version 16
VisualStudioVersion = 16.0.28922.388
MinimumVisualStudioVersion = 10.0.40219.1
Project("{9A19103F-16F7-4668-BE54-9A1E7A4F7556}") = "NotesService", "NotesService.csproj", "{1F62265A-92DE-4FE8-8586-B195C9C03EC9}"
EndProject
Project("{9A19103F-16F7-4668-BE54-9A1E7A4F7556}") = "Common", "..\Common\Common.csproj", "{86A88009-66F9-4DE0-A969-71AB99A9E89F}"
EndProject
Global
	GlobalSection(SolutionConfigurationPlatforms) = preSolution
		Debug|Any CPU = Debug|Any CPU
		Release|Any CPU = Release|Any CPU
	EndGlobalSection
	GlobalSection(ProjectConfigurationPlatforms) = postSolution
		{1F62265A-92DE-4FE8-8586-B195C9C03EC9}.Debug|Any CPU.ActiveCfg = Debug|Any CPU
		{1F62265A-92DE-4FE8-8586-B195C9C03EC9}.Debug|Any CPU.Build.0 = Debug|Any CPU
		{1F62265A-92DE-4FE8-8586-B195C9C03EC9}.Release|Any CPU.ActiveCfg = Release|Any CPU
		{1F62265A-92DE-4FE8-8586-B195C9C03EC9}.Release|Any CPU.Build.0 = Release|Any CPU
		{86A88009-66F9-4DE0-A969-71AB99A9E89F}.Debug|Any CPU.ActiveCfg = Debug|Any CPU
		{86A88009-66F9-4DE0-A969-71AB99A9E89F}.Debug|Any CPU.Build.0 = Debug|Any CPU
		{86A88009-66F9-4DE0-A969-71AB99A9E89F}.Release|Any CPU.ActiveCfg = Release|Any CPU
		{86A88009-66F9-4DE0-A969-71AB99A9E89F}.Release|Any CPU.Build.0 = Release|Any CPU
	EndGlobalSection
	GlobalSection(SolutionProperties) = preSolution
		HideSolutionNode = FALSE
	EndGlobalSection
	GlobalSection(ExtensibilityGlobals) = postSolution
		SolutionGuid = {85053F79-F711-40F4-B8E8-2B168E5B5818}
	EndGlobalSection
EndGlobal
