
Microsoft Visual Studio Solution File, Format Version 12.00
# Visual Studio Version 16
VisualStudioVersion = 16.0.28922.388
MinimumVisualStudioVersion = 10.0.40219.1
Project("{FAE04EC0-301F-11D3-BF4B-00C04F79EFBC}") = "Common", "Common.csproj", "{D41EFC6E-7BC6-46F0-A6B5-B7D4D687F3D7}"
EndProject
Global
	GlobalSection(SolutionConfigurationPlatforms) = preSolution
		Debug|Any CPU = Debug|Any CPU
		Release|Any CPU = Release|Any CPU
	EndGlobalSection
	GlobalSection(ProjectConfigurationPlatforms) = postSolution
		{D41EFC6E-7BC6-46F0-A6B5-B7D4D687F3D7}.Debug|Any CPU.ActiveCfg = Debug|Any CPU
		{D41EFC6E-7BC6-46F0-A6B5-B7D4D687F3D7}.Debug|Any CPU.Build.0 = Debug|Any CPU
		{D41EFC6E-7BC6-46F0-A6B5-B7D4D687F3D7}.Release|Any CPU.ActiveCfg = Release|Any CPU
		{D41EFC6E-7BC6-46F0-A6B5-B7D4D687F3D7}.Release|Any CPU.Build.0 = Release|Any CPU
	EndGlobalSection
	GlobalSection(SolutionProperties) = preSolution
		HideSolutionNode = FALSE
	EndGlobalSection
	GlobalSection(ExtensibilityGlobals) = postSolution
		SolutionGuid = {6DE51BC9-C010-4E81-8D5B-D7141CAD2E65}
	EndGlobalSection
EndGlobal
