
Microsoft Visual Studio Solution File, Format Version 12.00
# Visual Studio Version 16
VisualStudioVersion = 16.0.28917.181
MinimumVisualStudioVersion = 10.0.40219.1
Project("{FAE04EC0-301F-11D3-BF4B-00C04F79EFBC}") = "SuperHomeService.WebApi", "SuperHomeService.WebApi\SuperHomeService.WebApi.csproj", "{C14E3E34-C1D4-4A4D-8784-E7D08922C474}"
EndProject
Project("{FAE04EC0-301F-11D3-BF4B-00C04F79EFBC}") = "SuperHomeService.Dal", "SuperHomeService.Dal\SuperHomeService.Dal.csproj", "{2F791FDC-90E0-48D5-A31B-60B64D22D1EA}"
EndProject
Project("{FAE04EC0-301F-11D3-BF4B-00C04F79EFBC}") = "SuperHomeService.Bll", "SuperHomeService.Bll\SuperHomeService.Bll.csproj", "{6EB28D79-3033-43B3-8080-7EC253056019}"
EndProject
Project("{FAE04EC0-301F-11D3-BF4B-00C04F79EFBC}") = "SuperHomeService.Common", "SuperHomeService.Common\SuperHomeService.Common.csproj", "{918540F0-06A2-4AE4-8667-05623EACEFE2}"
EndProject
Project("{FAE04EC0-301F-11D3-BF4B-00C04F79EFBC}") = "SuperHomeService.DI", "SuperHomeService.DI\SuperHomeService.DI.csproj", "{72F1F6C1-129A-4E1E-89BF-017A82B29724}"
EndProject
Global
	GlobalSection(SolutionConfigurationPlatforms) = preSolution
		Debug|Any CPU = Debug|Any CPU
		Release|Any CPU = Release|Any CPU
	EndGlobalSection
	GlobalSection(ProjectConfigurationPlatforms) = postSolution
		{C14E3E34-C1D4-4A4D-8784-E7D08922C474}.Debug|Any CPU.ActiveCfg = Debug|Any CPU
		{C14E3E34-C1D4-4A4D-8784-E7D08922C474}.Debug|Any CPU.Build.0 = Debug|Any CPU
		{C14E3E34-C1D4-4A4D-8784-E7D08922C474}.Release|Any CPU.ActiveCfg = Release|Any CPU
		{C14E3E34-C1D4-4A4D-8784-E7D08922C474}.Release|Any CPU.Build.0 = Release|Any CPU
		{2F791FDC-90E0-48D5-A31B-60B64D22D1EA}.Debug|Any CPU.ActiveCfg = Debug|Any CPU
		{2F791FDC-90E0-48D5-A31B-60B64D22D1EA}.Debug|Any CPU.Build.0 = Debug|Any CPU
		{2F791FDC-90E0-48D5-A31B-60B64D22D1EA}.Release|Any CPU.ActiveCfg = Release|Any CPU
		{2F791FDC-90E0-48D5-A31B-60B64D22D1EA}.Release|Any CPU.Build.0 = Release|Any CPU
		{6EB28D79-3033-43B3-8080-7EC253056019}.Debug|Any CPU.ActiveCfg = Debug|Any CPU
		{6EB28D79-3033-43B3-8080-7EC253056019}.Debug|Any CPU.Build.0 = Debug|Any CPU
		{6EB28D79-3033-43B3-8080-7EC253056019}.Release|Any CPU.ActiveCfg = Release|Any CPU
		{6EB28D79-3033-43B3-8080-7EC253056019}.Release|Any CPU.Build.0 = Release|Any CPU
		{918540F0-06A2-4AE4-8667-05623EACEFE2}.Debug|Any CPU.ActiveCfg = Debug|Any CPU
		{918540F0-06A2-4AE4-8667-05623EACEFE2}.Debug|Any CPU.Build.0 = Debug|Any CPU
		{918540F0-06A2-4AE4-8667-05623EACEFE2}.Release|Any CPU.ActiveCfg = Release|Any CPU
		{918540F0-06A2-4AE4-8667-05623EACEFE2}.Release|Any CPU.Build.0 = Release|Any CPU
		{72F1F6C1-129A-4E1E-89BF-017A82B29724}.Debug|Any CPU.ActiveCfg = Debug|Any CPU
		{72F1F6C1-129A-4E1E-89BF-017A82B29724}.Debug|Any CPU.Build.0 = Debug|Any CPU
		{72F1F6C1-129A-4E1E-89BF-017A82B29724}.Release|Any CPU.ActiveCfg = Release|Any CPU
		{72F1F6C1-129A-4E1E-89BF-017A82B29724}.Release|Any CPU.Build.0 = Release|Any CPU
	EndGlobalSection
	GlobalSection(SolutionProperties) = preSolution
		HideSolutionNode = FALSE
	EndGlobalSection
	GlobalSection(ExtensibilityGlobals) = postSolution
		SolutionGuid = {C865AD86-C219-421F-9BD1-A42BE4D366DC}
	EndGlobalSection
EndGlobal
