
Microsoft Visual Studio Solution File, Format Version 12.00
# Visual Studio Version 16
VisualStudioVersion = 16.0.28922.388
MinimumVisualStudioVersion = 10.0.40219.1
Project("{FAE04EC0-301F-11D3-BF4B-00C04F79EFBC}") = "AccountingService", "AccountingService.csproj", "{FCC5F516-2EAA-48A9-8F68-A53BBBB32B98}"
EndProject
Global
	GlobalSection(SolutionConfigurationPlatforms) = preSolution
		Debug|Any CPU = Debug|Any CPU
		Release|Any CPU = Release|Any CPU
	EndGlobalSection
	GlobalSection(ProjectConfigurationPlatforms) = postSolution
		{FCC5F516-2EAA-48A9-8F68-A53BBBB32B98}.Debug|Any CPU.ActiveCfg = Debug|Any CPU
		{FCC5F516-2EAA-48A9-8F68-A53BBBB32B98}.Debug|Any CPU.Build.0 = Debug|Any CPU
		{FCC5F516-2EAA-48A9-8F68-A53BBBB32B98}.Release|Any CPU.ActiveCfg = Release|Any CPU
		{FCC5F516-2EAA-48A9-8F68-A53BBBB32B98}.Release|Any CPU.Build.0 = Release|Any CPU
	EndGlobalSection
	GlobalSection(SolutionProperties) = preSolution
		HideSolutionNode = FALSE
	EndGlobalSection
	GlobalSection(ExtensibilityGlobals) = postSolution
		SolutionGuid = {49C6C084-0AF2-46FF-AF60-326752C8776E}
	EndGlobalSection
EndGlobal
